# THIS IS AN AUTOGENERATED FILE. DO NOT EDIT THIS FILE DIRECTLY.
# yarn lockfile v1


axios@^0.18.0:
  version "0.18.1"
  resolved "https://registry.yarnpkg.com/axios/-/axios-0.18.1.tgz#ff3f0de2e7b5d180e757ad98000f1081b87bcea3"
  integrity sha512-0BfJq4NSfQXd+SkFdrvFbG7addhYSBA2mQwISr46pD6E5iqkWg02RAs8vyTT/j0RTnoYmeXauBuSv1qKwR179g==
  dependencies:
    follow-redirects "1.5.10"
    is-buffer "^2.0.2"

axios@^0.21.1:
  version "0.21.1"
  resolved "https://registry.yarnpkg.com/axios/-/axios-0.21.1.tgz#22563481962f4d6bde9a76d516ef0e5d3c09b2b8"
  integrity sha512-dKQiRHxGD9PPRIUNIWvZhPTPpl1rf/OxTYKsqKUDjBwYylTvV7SjSHJb9ratfyzM6wCdLCOYLzs73qpg5c4iGA==
  dependencies:
    follow-redirects "^1.10.0"

big.js@^5.2.2:
  version "5.2.2"
  resolved "https://registry.yarnpkg.com/big.js/-/big.js-5.2.2.tgz#65f0af382f578bcdc742bd9c281e9cb2d7768328"
  integrity sha512-vyL2OymJxmarO8gxMr0mhChsO9QGwhynfuu4+MHTAW6czfq9humCB7rKpUjDd9YUiDPU4mzpyupFSvOClAwbmQ==

commander@*:
  version "6.2.1"
  resolved "https://registry.yarnpkg.com/commander/-/commander-6.2.1.tgz#0792eb682dfbc325999bb2b84fddddba110ac73c"
  integrity sha512-U7VdrJFnJgo4xjrHpTzu0yrHPGImdsmD95ZlgYSEajAn2JKzDhDTPG9kBTefmObL2w/ngeZnilk+OV9CG3d7UA==

dayjs@^1.8.25:
  version "1.9.8"
  resolved "https://registry.yarnpkg.com/dayjs/-/dayjs-1.9.8.tgz#9a65fbdca037e3d5835f98672da6e796f757cd58"
  integrity sha512-F42qBtJRa30FKF7XDnOQyNUTsaxDkuaZRj/i7BejSHC34LlLfPoIU4aeopvWfM+m1dJ6/DHKAWLg2ur+pLgq1w==

debug@=3.1.0:
  version "3.1.0"
  resolved "https://registry.yarnpkg.com/debug/-/debug-3.1.0.tgz#5bb5a0672628b64149566ba16819e61518c67261"
  integrity sha512-OX8XqP7/1a9cqkxYw2yXss15f26NKWBpDXQd0/uK/KPqdQhxbPa994hnzjcE2VqQpDslf55723cKPUOGSmMY3g==
  dependencies:
    ms "2.0.0"

follow-redirects@1.5.10:
  version "1.5.10"
  resolved "https://registry.yarnpkg.com/follow-redirects/-/follow-redirects-1.5.10.tgz#7b7a9f9aea2fdff36786a94ff643ed07f4ff5e2a"
  integrity sha512-0V5l4Cizzvqt5D44aTXbFZz+FtyXV1vrDN6qrelxtfYQKW0KO0W2T/hkE8xvGa/540LkZlkaUjO4ailYTFtHVQ==
  dependencies:
    debug "=3.1.0"

follow-redirects@^1.10.0:
  version "1.13.1"
  resolved "https://registry.yarnpkg.com/follow-redirects/-/follow-redirects-1.13.1.tgz#5f69b813376cee4fd0474a3aba835df04ab763b7"
  integrity sha512-SSG5xmZh1mkPGyKzjZP8zLjltIfpW32Y5QpdNJyjcfGxK3qo3NDDkZOZSFiGn1A6SclQxY9GzEwAHQ3dmYRWpg==

is-buffer@^2.0.2:
  version "2.0.5"
  resolved "https://registry.yarnpkg.com/is-buffer/-/is-buffer-2.0.5.tgz#ebc252e400d22ff8d77fa09888821a24a658c191"
  integrity sha512-i2R6zNFDwgEHJyQUtJEk0XFi1i0dPFn/oqjK3/vPCcDeJvW5NQ83V8QbicfF1SupOaB0h8ntgBC2YiE7dfyctQ==

mockjs@^1.1.0:
  version "1.1.0"
  resolved "https://registry.yarnpkg.com/mockjs/-/mockjs-1.1.0.tgz#e6a0c378e91906dbaff20911cc0273b3c7d75b06"
  integrity sha512-eQsKcWzIaZzEZ07NuEyO4Nw65g0hdWAyurVol1IPl1gahRwY+svqzfgfey8U8dahLwG44d6/RwEzuK52rSa/JQ==
  dependencies:
    commander "*"

ms@2.0.0:
  version "2.0.0"
  resolved "https://registry.yarnpkg.com/ms/-/ms-2.0.0.tgz#5608aeadfc00be6c2901df5f9861788de0d597c8"
  integrity sha1-VgiurfwAvmwpAd9fmGF4jeDVl8g=

nodemailer@^6.4.17:
  version "6.4.17"
  resolved "https://registry.yarnpkg.com/nodemailer/-/nodemailer-6.4.17.tgz#8de98618028953b80680775770f937243a7d7877"
  integrity sha512-89ps+SBGpo0D4Bi5ZrxcrCiRFaMmkCt+gItMXQGzEtZVR3uAD3QAQIDoxTWnx3ky0Dwwy/dhFrQ+6NNGXpw/qQ==

wl-core@^1.0.0:
  version "1.1.8"
  resolved "https://registry.yarnpkg.com/wl-core/-/wl-core-1.1.8.tgz#a009899a505497bbafc1f9caea7117b4def03b45"
  integrity sha512-ZzDtSWY0dTPBaEr3M892nRTwG4mMiU5xXJG6cnadQAuH6wzs5yRjsdQiatQt36qfUMwgi4fbU3BOQFN0CH5lCQ==
  dependencies:
    big.js "^5.2.2"
    dayjs "^1.8.25"

wl-http@^1.1.3:
  version "1.1.3"
  resolved "https://registry.yarnpkg.com/wl-http/-/wl-http-1.1.3.tgz#c3baf3dd18568ac8c15cf59170d9b4205e199dc6"
  integrity sha512-bT9D0fbM+4RZUR7p4XPY8upPe1LNgWuflWG9n6PAx5kkSZskydSc7eB37WNshaVYHHmZa1pAK5mLZy3p5OOZ+Q==
  dependencies:
    axios "^0.18.0"
    mockjs "^1.1.0"
    wl-core "^1.0.0"
